
Microsoft Visual Studio Solution File, Format Version 12.00
# Visual Studio Version 17
VisualStudioVersion = 17.12.35521.163 d17.12
MinimumVisualStudioVersion = 10.0.40219.1
Project("{FAE04EC0-301F-11D3-BF4B-00C04F79EFBC}") = "LMS_Library", "LMS_Library\LMS_Library.csproj", "{7713333E-0221-4B24-8361-50C85BCA897C}"
EndProject
Project("{FAE04EC0-301F-11D3-BF4B-00C04F79EFBC}") = "LMS_UI", "LMS_UI\LMS_UI.csproj", "{1D86381A-F32A-4FA2-AD0D-6ACC2D93B3DC}"
EndProject
Global
	GlobalSection(SolutionConfigurationPlatforms) = preSolution
		Debug|Any CPU = Debug|Any CPU
		Release|Any CPU = Release|Any CPU
	EndGlobalSection
	GlobalSection(ProjectConfigurationPlatforms) = postSolution
		{7713333E-0221-4B24-8361-50C85BCA897C}.Debug|Any CPU.ActiveCfg = Debug|Any CPU
		{7713333E-0221-4B24-8361-50C85BCA897C}.Debug|Any CPU.Build.0 = Debug|Any CPU
		{7713333E-0221-4B24-8361-50C85BCA897C}.Release|Any CPU.ActiveCfg = Release|Any CPU
		{7713333E-0221-4B24-8361-50C85BCA897C}.Release|Any CPU.Build.0 = Release|Any CPU
		{1D86381A-F32A-4FA2-AD0D-6ACC2D93B3DC}.Debug|Any CPU.ActiveCfg = Debug|Any CPU
		{1D86381A-F32A-4FA2-AD0D-6ACC2D93B3DC}.Debug|Any CPU.Build.0 = Debug|Any CPU
		{1D86381A-F32A-4FA2-AD0D-6ACC2D93B3DC}.Release|Any CPU.ActiveCfg = Release|Any CPU
		{1D86381A-F32A-4FA2-AD0D-6ACC2D93B3DC}.Release|Any CPU.Build.0 = Release|Any CPU
	EndGlobalSection
	GlobalSection(SolutionProperties) = preSolution
		HideSolutionNode = FALSE
	EndGlobalSection
EndGlobal
